
Microsoft Visual Studio Solution File, Format Version 12.00
# Visual Studio Version 16
VisualStudioVersion = 16.0.31129.286
MinimumVisualStudioVersion = 10.0.40219.1
Project("{FAE04EC0-301F-11D3-BF4B-00C04F79EFBC}") = "HelloFromReflectionWorld", "HelloFromReflectionWorld\HelloFromReflectionWorld.csproj", "{3358934D-E7E7-4897-912C-EEC9F55E9EA5}"
EndProject
Global
	GlobalSection(SolutionConfigurationPlatforms) = preSolution
		Debug|Any CPU = Debug|Any CPU
		Release|Any CPU = Release|Any CPU
	EndGlobalSection
	GlobalSection(ProjectConfigurationPlatforms) = postSolution
		{3358934D-E7E7-4897-912C-EEC9F55E9EA5}.Debug|Any CPU.ActiveCfg = Debug|Any CPU
		{3358934D-E7E7-4897-912C-EEC9F55E9EA5}.Debug|Any CPU.Build.0 = Debug|Any CPU
		{3358934D-E7E7-4897-912C-EEC9F55E9EA5}.Release|Any CPU.ActiveCfg = Release|Any CPU
		{3358934D-E7E7-4897-912C-EEC9F55E9EA5}.Release|Any CPU.Build.0 = Release|Any CPU
	EndGlobalSection
	GlobalSection(SolutionProperties) = preSolution
		HideSolutionNode = FALSE
	EndGlobalSection
	GlobalSection(ExtensibilityGlobals) = postSolution
		SolutionGuid = {8ADAA531-C847-4DFD-AD03-7E5CC51042E3}
	EndGlobalSection
EndGlobal
